
Microsoft Visual Studio Solution File, Format Version 12.00
# Visual Studio Version 17
VisualStudioVersion = 17.14.36623.8 d17.14
MinimumVisualStudioVersion = 10.0.40219.1
Project("{FAE04EC0-301F-11D3-BF4B-00C04F79EFBC}") = "WinFormsApp1", "WinFormsApp1\WinFormsApp1.csproj", "{B7AF6D98-4A4F-4B32-905F-A2755E37569B}"
EndProject
Global
	GlobalSection(SolutionConfigurationPlatforms) = preSolution
		Debug|Any CPU = Debug|Any CPU
		Release|Any CPU = Release|Any CPU
	EndGlobalSection
	GlobalSection(ProjectConfigurationPlatforms) = postSolution
		{B7AF6D98-4A4F-4B32-905F-A2755E37569B}.Debug|Any CPU.ActiveCfg = Debug|Any CPU
		{B7AF6D98-4A4F-4B32-905F-A2755E37569B}.Debug|Any CPU.Build.0 = Debug|Any CPU
		{B7AF6D98-4A4F-4B32-905F-A2755E37569B}.Release|Any CPU.ActiveCfg = Release|Any CPU
		{B7AF6D98-4A4F-4B32-905F-A2755E37569B}.Release|Any CPU.Build.0 = Release|Any CPU
	EndGlobalSection
	GlobalSection(SolutionProperties) = preSolution
		HideSolutionNode = FALSE
	EndGlobalSection
	GlobalSection(ExtensibilityGlobals) = postSolution
		SolutionGuid = {3FC4C925-B841-4B20-9516-D9E95F5314E1}
	EndGlobalSection
EndGlobal
