
Microsoft Visual Studio Solution File, Format Version 12.00
# Visual Studio Version 17
VisualStudioVersion = 17.14.36408.4 d17.14
MinimumVisualStudioVersion = 10.0.40219.1
Project("{FAE04EC0-301F-11D3-BF4B-00C04F79EFBC}") = "WinFormsApp3", "WinFormsApp3.csproj", "{9E52274E-03A3-4D0D-A09E-D973F51E2792}"
EndProject
Global
	GlobalSection(SolutionConfigurationPlatforms) = preSolution
		Debug|Any CPU = Debug|Any CPU
		Release|Any CPU = Release|Any CPU
	EndGlobalSection
	GlobalSection(ProjectConfigurationPlatforms) = postSolution
		{9E52274E-03A3-4D0D-A09E-D973F51E2792}.Debug|Any CPU.ActiveCfg = Debug|Any CPU
		{9E52274E-03A3-4D0D-A09E-D973F51E2792}.Debug|Any CPU.Build.0 = Debug|Any CPU
		{9E52274E-03A3-4D0D-A09E-D973F51E2792}.Release|Any CPU.ActiveCfg = Release|Any CPU
		{9E52274E-03A3-4D0D-A09E-D973F51E2792}.Release|Any CPU.Build.0 = Release|Any CPU
	EndGlobalSection
	GlobalSection(SolutionProperties) = preSolution
		HideSolutionNode = FALSE
	EndGlobalSection
	GlobalSection(ExtensibilityGlobals) = postSolution
		SolutionGuid = {F5DD70BE-83D7-44FC-93E0-8C43194B42FA}
	EndGlobalSection
EndGlobal
